// !$*UTF8*$!
{
	archiveVersion = 1;
	classes = {
	};
	objectVersion = 56;
	objects = {

/* Begin PBXBuildFile section */
		B681100E2CEAA158009B7D84 /* HumanizeApp.swift in Sources */ = {isa = PBXBuildFile; fileRef = B681100D2CEAA158009B7D84 /* HumanizeApp.swift */; };
		B68110102CEAA158009B7D84 /* ContentView.swift in Sources */ = {isa = PBXBuildFile; fileRef = B681100F2CEAA158009B7D84 /* ContentView.swift */; };
		B68110122CEAA159009B7D84 /* Assets.xcassets in Resources */ = {isa = PBXBuildFile; fileRef = B68110112CEAA159009B7D84 /* Assets.xcassets */; };
		B68110152CEAA159009B7D84 /* Preview Assets.xcassets in Resources */ = {isa = PBXBuildFile; fileRef = B68110142CEAA159009B7D84 /* Preview Assets.xcassets */; };
		B681101F2CEAA159009B7D84 /* HumanizeTests.swift in Sources */ = {isa = PBXBuildFile; fileRef = B681101E2CEAA159009B7D84 /* HumanizeTests.swift */; };
		B68110292CEAA159009B7D84 /* HumanizeUITests.swift in Sources */ = {isa = PBXBuildFile; fileRef = B68110282CEAA159009B7D84 /* HumanizeUITests.swift */; };
		B681102B2CEAA159009B7D84 /* HumanizeUITestsLaunchTests.swift in Sources */ = {isa = PBXBuildFile; fileRef = B681102A2CEAA159009B7D84 /* HumanizeUITestsLaunchTests.swift */; };
/* End PBXBuildFile section */

/* Begin PBXContainerItemProxy section */
		B681101B2CEAA159009B7D84 /* PBXContainerItemProxy */ = {
			isa = PBXContainerItemProxy;
			containerPortal = B68110022CEAA158009B7D84 /* Project object */;
			proxyType = 1;
			remoteGlobalIDString = B68110092CEAA158009B7D84;
			remoteInfo = Humanize;
		};
		B68110252CEAA159009B7D84 /* PBXContainerItemProxy */ = {
			isa = PBXContainerItemProxy;
			containerPortal = B68110022CEAA158009B7D84 /* Project object */;
			proxyType = 1;
			remoteGlobalIDString = B68110092CEAA158009B7D84;
			remoteInfo = Humanize;
		};
/* End PBXContainerItemProxy section */

/* Begin PBXFileReference section */
		B681100A2CEAA158009B7D84 /* Humanize.app */ = {isa = PBXFileReference; explicitFileType = wrapper.application; includeInIndex = 0; path = Humanize.app; sourceTree = BUILT_PRODUCTS_DIR; };
		B681100D2CEAA158009B7D84 /* HumanizeApp.swift */ = {isa = PBXFileReference; lastKnownFileType = sourcecode.swift; path = HumanizeApp.swift; sourceTree = "<group>"; };
		B681100F2CEAA158009B7D84 /* ContentView.swift */ = {isa = PBXFileReference; lastKnownFileType = sourcecode.swift; path = ContentView.swift; sourceTree = "<group>"; };
		B68110112CEAA159009B7D84 /* Assets.xcassets */ = {isa = PBXFileReference; lastKnownFileType = folder.assetcatalog; path = Assets.xcassets; sourceTree = "<group>"; };
		B68110142CEAA159009B7D84 /* Preview Assets.xcassets */ = {isa = PBXFileReference; lastKnownFileType = folder.assetcatalog; path = "Preview Assets.xcassets"; sourceTree = "<group>"; };
		B681101A2CEAA159009B7D84 /* HumanizeTests.xctest */ = {isa = PBXFileReference; explicitFileType = wrapper.cfbundle; includeInIndex = 0; path = HumanizeTests.xctest; sourceTree = BUILT_PRODUCTS_DIR; };
		B681101E2CEAA159009B7D84 /* HumanizeTests.swift */ = {isa = PBXFileReference; lastKnownFileType = sourcecode.swift; path = HumanizeTests.swift; sourceTree = "<group>"; };
		B68110242CEAA159009B7D84 /* HumanizeUITests.xctest */ = {isa = PBXFileReference; explicitFileType = wrapper.cfbundle; includeInIndex = 0; path = HumanizeUITests.xctest; sourceTree = BUILT_PRODUCTS_DIR; };
		B68110282CEAA159009B7D84 /* HumanizeUITests.swift */ = {isa = PBXFileReference; lastKnownFileType = sourcecode.swift; path = HumanizeUITests.swift; sourceTree = "<group>"; };
		B681102A2CEAA159009B7D84 /* HumanizeUITestsLaunchTests.swift */ = {isa = PBXFileReference; lastKnownFileType = sourcecode.swift; path = HumanizeUITestsLaunchTests.swift; sourceTree = "<group>"; };
/* End PBXFileReference section */

/* Begin PBXFrameworksBuildPhase section */
		B68110072CEAA158009B7D84 /* Frameworks */ = {
			isa = PBXFrameworksBuildPhase;
			buildActionMask = 2147483647;
			files = (
			);
			runOnlyForDeploymentPostprocessing = 0;
		};
		B68110172CEAA159009B7D84 /* Frameworks */ = {
			isa = PBXFrameworksBuildPhase;
			buildActionMask = 2147483647;
			files = (
			);
			runOnlyForDeploymentPostprocessing = 0;
		};
		B68110212CEAA159009B7D84 /* Frameworks */ = {
			isa = PBXFrameworksBuildPhase;
			buildActionMask = 2147483647;
			files = (
			);
			runOnlyForDeploymentPostprocessing = 0;
		};
/* End PBXFrameworksBuildPhase section */

/* Begin PBXGroup section */
		B68110012CEAA158009B7D84 = {
			isa = PBXGroup;
			children = (
				B681100C2CEAA158009B7D84 /* Humanize */,
				B681101D2CEAA159009B7D84 /* HumanizeTests */,
				B68110272CEAA159009B7D84 /* HumanizeUITests */,
				B681100B2CEAA158009B7D84 /* Products */,
			);
			sourceTree = "<group>";
		};
		B681100B2CEAA158009B7D84 /* Products */ = {
			isa = PBXGroup;
			children = (
				B681100A2CEAA158009B7D84 /* Humanize.app */,
				B681101A2CEAA159009B7D84 /* HumanizeTests.xctest */,
				B68110242CEAA159009B7D84 /* HumanizeUITests.xctest */,
			);
			name = Products;
			sourceTree = "<group>";
		};
		B681100C2CEAA158009B7D84 /* Humanize */ = {
			isa = PBXGroup;
			children = (
				B681100D2CEAA158009B7D84 /* HumanizeApp.swift */,
				B681100F2CEAA158009B7D84 /* ContentView.swift */,
				B68110112CEAA159009B7D84 /* Assets.xcassets */,
				B68110132CEAA159009B7D84 /* Preview Content */,
			);
			path = Humanize;
			sourceTree = "<group>";
		};
		B68110132CEAA159009B7D84 /* Preview Content */ = {
			isa = PBXGroup;
			children = (
				B68110142CEAA159009B7D84 /* Preview Assets.xcassets */,
			);
			path = "Preview Content";
			sourceTree = "<group>";
		};
		B681101D2CEAA159009B7D84 /* HumanizeTests */ = {
			isa = PBXGroup;
			children = (
				B681101E2CEAA159009B7D84 /* HumanizeTests.swift */,
			);
			path = HumanizeTests;
			sourceTree = "<group>";
		};
		B68110272CEAA159009B7D84 /* HumanizeUITests */ = {
			isa = PBXGroup;
			children = (
				B68110282CEAA159009B7D84 /* HumanizeUITests.swift */,
				B681102A2CEAA159009B7D84 /* HumanizeUITestsLaunchTests.swift */,
			);
			path = HumanizeUITests;
			sourceTree = "<group>";
		};
/* End PBXGroup section */

/* Begin PBXNativeTarget section */
		B68110092CEAA158009B7D84 /* Humanize */ = {
			isa = PBXNativeTarget;
			buildConfigurationList = B681102E2CEAA159009B7D84 /* Build configuration list for PBXNativeTarget "Humanize" */;
			buildPhases = (
				B68110062CEAA158009B7D84 /* Sources */,
				B68110072CEAA158009B7D84 /* Frameworks */,
				B68110082CEAA158009B7D84 /* Resources */,
			);
			buildRules = (
			);
			dependencies = (
			);
			name = Humanize;
			productName = Humanize;
			productReference = B681100A2CEAA158009B7D84 /* Humanize.app */;
			productType = "com.apple.product-type.application";
		};
		B68110192CEAA159009B7D84 /* HumanizeTests */ = {
			isa = PBXNativeTarget;
			buildConfigurationList = B68110312CEAA159009B7D84 /* Build configuration list for PBXNativeTarget "HumanizeTests" */;
			buildPhases = (
				B68110162CEAA159009B7D84 /* Sources */,
				B68110172CEAA159009B7D84 /* Frameworks */,
				B68110182CEAA159009B7D84 /* Resources */,
			);
			buildRules = (
			);
			dependencies = (
				B681101C2CEAA159009B7D84 /* PBXTargetDependency */,
			);
			name = HumanizeTests;
			productName = HumanizeTests;
			productReference = B681101A2CEAA159009B7D84 /* HumanizeTests.xctest */;
			productType = "com.apple.product-type.bundle.unit-test";
		};
		B68110232CEAA159009B7D84 /* HumanizeUITests */ = {
			isa = PBXNativeTarget;
			buildConfigurationList = B68110342CEAA159009B7D84 /* Build configuration list for PBXNativeTarget "HumanizeUITests" */;
			buildPhases = (
				B68110202CEAA159009B7D84 /* Sources */,
				B68110212CEAA159009B7D84 /* Frameworks */,
				B68110222CEAA159009B7D84 /* Resources */,
			);
			buildRules = (
			);
			dependencies = (
				B68110262CEAA159009B7D84 /* PBXTargetDependency */,
			);
			name = HumanizeUITests;
			productName = HumanizeUITests;
			productReference = B68110242CEAA159009B7D84 /* HumanizeUITests.xctest */;
			productType = "com.apple.product-type.bundle.ui-testing";
		};
/* End PBXNativeTarget section */

/* Begin PBXProject section */
		B68110022CEAA158009B7D84 /* Project object */ = {
			isa = PBXProject;
			attributes = {
				BuildIndependentTargetsInParallel = 1;
				LastSwiftUpdateCheck = 1530;
				LastUpgradeCheck = 1530;
				TargetAttributes = {
					B68110092CEAA158009B7D84 = {
						CreatedOnToolsVersion = 15.3;
					};
					B68110192CEAA159009B7D84 = {
						CreatedOnToolsVersion = 15.3;
						TestTargetID = B68110092CEAA158009B7D84;
					};
					B68110232CEAA159009B7D84 = {
						CreatedOnToolsVersion = 15.3;
						TestTargetID = B68110092CEAA158009B7D84;
					};
				};
			};
			buildConfigurationList = B68110052CEAA158009B7D84 /* Build configuration list for PBXProject "Humanize" */;
			compatibilityVersion = "Xcode 14.0";
			developmentRegion = en;
			hasScannedForEncodings = 0;
			knownRegions = (
				en,
				Base,
			);
			mainGroup = B68110012CEAA158009B7D84;
			productRefGroup = B681100B2CEAA158009B7D84 /* Products */;
			projectDirPath = "";
			projectRoot = "";
			targets = (
				B68110092CEAA158009B7D84 /* Humanize */,
				B68110192CEAA159009B7D84 /* HumanizeTests */,
				B68110232CEAA159009B7D84 /* HumanizeUITests */,
			);
		};
/* End PBXProject section */

/* Begin PBXResourcesBuildPhase section */
		B68110082CEAA158009B7D84 /* Resources */ = {
			isa = PBXResourcesBuildPhase;
			buildActionMask = 2147483647;
			files = (
				B68110152CEAA159009B7D84 /* Preview Assets.xcassets in Resources */,
				B68110122CEAA159009B7D84 /* Assets.xcassets in Resources */,
			);
			runOnlyForDeploymentPostprocessing = 0;
		};
		B68110182CEAA159009B7D84 /* Resources */ = {
			isa = PBXResourcesBuildPhase;
			buildActionMask = 2147483647;
			files = (
			);
			runOnlyForDeploymentPostprocessing = 0;
		};
		B68110222CEAA159009B7D84 /* Resources */ = {
			isa = PBXResourcesBuildPhase;
			buildActionMask = 2147483647;
			files = (
			);
			runOnlyForDeploymentPostprocessing = 0;
		};
/* End PBXResourcesBuildPhase section */

/* Begin PBXSourcesBuildPhase section */
		B68110062CEAA158009B7D84 /* Sources */ = {
			isa = PBXSourcesBuildPhase;
			buildActionMask = 2147483647;
			files = (
				B68110102CEAA158009B7D84 /* ContentView.swift in Sources */,
				B681100E2CEAA158009B7D84 /* HumanizeApp.swift in Sources */,
			);
			runOnlyForDeploymentPostprocessing = 0;
		};
		B68110162CEAA159009B7D84 /* Sources */ = {
			isa = PBXSourcesBuildPhase;
			buildActionMask = 2147483647;
			files = (
				B681101F2CEAA159009B7D84 /* HumanizeTests.swift in Sources */,
			);
			runOnlyForDeploymentPostprocessing = 0;
		};
		B68110202CEAA159009B7D84 /* Sources */ = {
			isa = PBXSourcesBuildPhase;
			buildActionMask = 2147483647;
			files = (
				B681102B2CEAA159009B7D84 /* HumanizeUITestsLaunchTests.swift in Sources */,
				B68110292CEAA159009B7D84 /* HumanizeUITests.swift in Sources */,
			);
			runOnlyForDeploymentPostprocessing = 0;
		};
/* End PBXSourcesBuildPhase section */

/* Begin PBXTargetDependency section */
		B681101C2CEAA159009B7D84 /* PBXTargetDependency */ = {
			isa = PBXTargetDependency;
			target = B68110092CEAA158009B7D84 /* Humanize */;
			targetProxy = B681101B2CEAA159009B7D84 /* PBXContainerItemProxy */;
		};
		B68110262CEAA159009B7D84 /* PBXTargetDependency */ = {
			isa = PBXTargetDependency;
			target = B68110092CEAA158009B7D84 /* Humanize */;
			targetProxy = B68110252CEAA159009B7D84 /* PBXContainerItemProxy */;
		};
/* End PBXTargetDependency section */

/* Begin XCBuildConfiguration section */
		B681102C2CEAA159009B7D84 /* Debug */ = {
			isa = XCBuildConfiguration;
			buildSettings = {
				ALWAYS_SEARCH_USER_PATHS = NO;
				ASSETCATALOG_COMPILER_GENERATE_SWIFT_ASSET_SYMBOL_EXTENSIONS = YES;
				CLANG_ANALYZER_NONNULL = YES;
				CLANG_ANALYZER_NUMBER_OBJECT_CONVERSION = YES_AGGRESSIVE;
				CLANG_CXX_LANGUAGE_STANDARD = "gnu++20";
				CLANG_ENABLE_MODULES = YES;
				CLANG_ENABLE_OBJC_ARC = YES;
				CLANG_ENABLE_OBJC_WEAK = YES;
				CLANG_WARN_BLOCK_CAPTURE_AUTORELEASING = YES;
				CLANG_WARN_BOOL_CONVERSION = YES;
				CLANG_WARN_COMMA = YES;
				CLANG_WARN_CONSTANT_CONVERSION = YES;
				CLANG_WARN_DEPRECATED_OBJC_IMPLEMENTATIONS = YES;
				CLANG_WARN_DIRECT_OBJC_ISA_USAGE = YES_ERROR;
				CLANG_WARN_DOCUMENTATION_COMMENTS = YES;
				CLANG_WARN_EMPTY_BODY = YES;
				CLANG_WARN_ENUM_CONVERSION = YES;
				CLANG_WARN_INFINITE_RECURSION = YES;
				CLANG_WARN_INT_CONVERSION = YES;
				CLANG_WARN_NON_LITERAL_NULL_CONVERSION = YES;
				CLANG_WARN_OBJC_IMPLICIT_RETAIN_SELF = YES;
				CLANG_WARN_OBJC_LITERAL_CONVERSION = YES;
				CLANG_WARN_OBJC_ROOT_CLASS = YES_ERROR;
				CLANG_WARN_QUOTED_INCLUDE_IN_FRAMEWORK_HEADER = YES;
				CLANG_WARN_RANGE_LOOP_ANALYSIS = YES;
				CLANG_WARN_STRICT_PROTOTYPES = YES;
				CLANG_WARN_SUSPICIOUS_MOVE = YES;
				CLANG_WARN_UNGUARDED_AVAILABILITY = YES_AGGRESSIVE;
				CLANG_WARN_UNREACHABLE_CODE = YES;
				CLANG_WARN__DUPLICATE_METHOD_MATCH = YES;
				COPY_PHASE_STRIP = NO;
				DEBUG_INFORMATION_FORMAT = dwarf;
				ENABLE_STRICT_OBJC_MSGSEND = YES;
				ENABLE_TESTABILITY = YES;
				ENABLE_USER_SCRIPT_SANDBOXING = YES;
				GCC_C_LANGUAGE_STANDARD = gnu17;
				GCC_DYNAMIC_NO_PIC = NO;
				GCC_NO_COMMON_BLOCKS = YES;
				GCC_OPTIMIZATION_LEVEL = 0;
				GCC_PREPROCESSOR_DEFINITIONS = (
					"DEBUG=1",
					"$(inherited)",
				);
				GCC_WARN_64_TO_32_BIT_CONVERSION = YES;
				GCC_WARN_ABOUT_RETURN_TYPE = YES_ERROR;
				GCC_WARN_UNDECLARED_SELECTOR = YES;
				GCC_WARN_UNINITIALIZED_AUTOS = YES_AGGRESSIVE;
				GCC_WARN_UNUSED_FUNCTION = YES;
				GCC_WARN_UNUSED_VARIABLE = YES;
				IPHONEOS_DEPLOYMENT_TARGET = 17.4;
				LOCALIZATION_PREFERS_STRING_CATALOGS = YES;
				MTL_ENABLE_DEBUG_INFO = INCLUDE_SOURCE;
				MTL_FAST_MATH = YES;
				ONLY_ACTIVE_ARCH = YES;
				SDKROOT = iphoneos;
				SWIFT_ACTIVE_COMPILATION_CONDITIONS = "DEBUG $(inherited)";
				SWIFT_OPTIMIZATION_LEVEL = "-Onone";
			};
			name = Debug;
		};
		B681102D2CEAA159009B7D84 /* Release */ = {
			isa = XCBuildConfiguration;
			buildSettings = {
				ALWAYS_SEARCH_USER_PATHS = NO;
				ASSETCATALOG_COMPILER_GENERATE_SWIFT_ASSET_SYMBOL_EXTENSIONS = YES;
				CLANG_ANALYZER_NONNULL = YES;
				CLANG_ANALYZER_NUMBER_OBJECT_CONVERSION = YES_AGGRESSIVE;
				CLANG_CXX_LANGUAGE_STANDARD = "gnu++20";
				CLANG_ENABLE_MODULES = YES;
				CLANG_ENABLE_OBJC_ARC = YES;
				CLANG_ENABLE_OBJC_WEAK = YES;
				CLANG_WARN_BLOCK_CAPTURE_AUTORELEASING = YES;
				CLANG_WARN_BOOL_CONVERSION = YES;
				CLANG_WARN_COMMA = YES;
				CLANG_WARN_CONSTANT_CONVERSION = YES;
				CLANG_WARN_DEPRECATED_OBJC_IMPLEMENTATIONS = YES;
				CLANG_WARN_DIRECT_OBJC_ISA_USAGE = YES_ERROR;
				CLANG_WARN_DOCUMENTATION_COMMENTS = YES;
				CLANG_WARN_EMPTY_BODY = YES;
				CLANG_WARN_ENUM_CONVERSION = YES;
				CLANG_WARN_INFINITE_RECURSION = YES;
				CLANG_WARN_INT_CONVERSION = YES;
				CLANG_WARN_NON_LITERAL_NULL_CONVERSION = YES;
				CLANG_WARN_OBJC_IMPLICIT_RETAIN_SELF = YES;
				CLANG_WARN_OBJC_LITERAL_CONVERSION = YES;
				CLANG_WARN_OBJC_ROOT_CLASS = YES_ERROR;
				CLANG_WARN_QUOTED_INCLUDE_IN_FRAMEWORK_HEADER = YES;
				CLANG_WARN_RANGE_LOOP_ANALYSIS = YES;
				CLANG_WARN_STRICT_PROTOTYPES = YES;
				CLANG_WARN_SUSPICIOUS_MOVE = YES;
				CLANG_WARN_UNGUARDED_AVAILABILITY = YES_AGGRESSIVE;
				CLANG_WARN_UNREACHABLE_CODE = YES;
				CLANG_WARN__DUPLICATE_METHOD_MATCH = YES;
				COPY_PHASE_STRIP = NO;
				DEBUG_INFORMATION_FORMAT = "dwarf-with-dsym";
				ENABLE_NS_ASSERTIONS = NO;
				ENABLE_STRICT_OBJC_MSGSEND = YES;
				ENABLE_USER_SCRIPT_SANDBOXING = YES;
				GCC_C_LANGUAGE_STANDARD = gnu17;
				GCC_NO_COMMON_BLOCKS = YES;
				GCC_WARN_64_TO_32_BIT_CONVERSION = YES;
				GCC_WARN_ABOUT_RETURN_TYPE = YES_ERROR;
				GCC_WARN_UNDECLARED_SELECTOR = YES;
				GCC_WARN_UNINITIALIZED_AUTOS = YES_AGGRESSIVE;
				GCC_WARN_UNUSED_FUNCTION = YES;
				GCC_WARN_UNUSED_VARIABLE = YES;
				IPHONEOS_DEPLOYMENT_TARGET = 17.4;
				LOCALIZATION_PREFERS_STRING_CATALOGS = YES;
				MTL_ENABLE_DEBUG_INFO = NO;
				MTL_FAST_MATH = YES;
				SDKROOT = iphoneos;
				SWIFT_COMPILATION_MODE = wholemodule;
				VALIDATE_PRODUCT = YES;
			};
			name = Release;
		};
		B681102F2CEAA159009B7D84 /* Debug */ = {
			isa = XCBuildConfiguration;
			buildSettings = {
				ASSETCATALOG_COMPILER_APPICON_NAME = AppIcon;
				ASSETCATALOG_COMPILER_GLOBAL_ACCENT_COLOR_NAME = AccentColor;
				CODE_SIGN_STYLE = Automatic;
				CURRENT_PROJECT_VERSION = 1;
				DEVELOPMENT_ASSET_PATHS = "\"Humanize/Preview Content\"";
				ENABLE_PREVIEWS = YES;
				GENERATE_INFOPLIST_FILE = YES;
				INFOPLIST_KEY_UIApplicationSceneManifest_Generation = YES;
				INFOPLIST_KEY_UIApplicationSupportsIndirectInputEvents = YES;
				INFOPLIST_KEY_UILaunchScreen_Generation = YES;
				INFOPLIST_KEY_UISupportedInterfaceOrientations_iPad = "UIInterfaceOrientationPortrait UIInterfaceOrientationPortraitUpsideDown UIInterfaceOrientationLandscapeLeft UIInterfaceOrientationLandscapeRight";
				INFOPLIST_KEY_UISupportedInterfaceOrientations_iPhone = "UIInterfaceOrientationPortrait UIInterfaceOrientationLandscapeLeft UIInterfaceOrientationLandscapeRight";
				LD_RUNPATH_SEARCH_PATHS = (
					"$(inherited)",
					"@executable_path/Frameworks",
				);
				MARKETING_VERSION = 1.0;
				PRODUCT_BUNDLE_IDENTIFIER = sfempathy.Humanize;
				PRODUCT_NAME = "$(TARGET_NAME)";
				SWIFT_EMIT_LOC_STRINGS = YES;
				SWIFT_VERSION = 5.0;
				TARGETED_DEVICE_FAMILY = "1,2";
			};
			name = Debug;
		};
		B68110302CEAA159009B7D84 /* Release */ = {
			isa = XCBuildConfiguration;
			buildSettings = {
				ASSETCATALOG_COMPILER_APPICON_NAME = AppIcon;
				ASSETCATALOG_COMPILER_GLOBAL_ACCENT_COLOR_NAME = AccentColor;
				CODE_SIGN_STYLE = Automatic;
				CURRENT_PROJECT_VERSION = 1;
				DEVELOPMENT_ASSET_PATHS = "\"Humanize/Preview Content\"";
				ENABLE_PREVIEWS = YES;
				GENERATE_INFOPLIST_FILE = YES;
				INFOPLIST_KEY_UIApplicationSceneManifest_Generation = YES;
				INFOPLIST_KEY_UIApplicationSupportsIndirectInputEvents = YES;
				INFOPLIST_KEY_UILaunchScreen_Generation = YES;
				INFOPLIST_KEY_UISupportedInterfaceOrientations_iPad = "UIInterfaceOrientationPortrait UIInterfaceOrientationPortraitUpsideDown UIInterfaceOrientationLandscapeLeft UIInterfaceOrientationLandscapeRight";
				INFOPLIST_KEY_UISupportedInterfaceOrientations_iPhone = "UIInterfaceOrientationPortrait UIInterfaceOrientationLandscapeLeft UIInterfaceOrientationLandscapeRight";
				LD_RUNPATH_SEARCH_PATHS = (
					"$(inherited)",
					"@executable_path/Frameworks",
				);
				MARKETING_VERSION = 1.0;
				PRODUCT_BUNDLE_IDENTIFIER = sfempathy.Humanize;
				PRODUCT_NAME = "$(TARGET_NAME)";
				SWIFT_EMIT_LOC_STRINGS = YES;
				SWIFT_VERSION = 5.0;
				TARGETED_DEVICE_FAMILY = "1,2";
			};
			name = Release;
		};
		B68110322CEAA159009B7D84 /* Debug */ = {
			isa = XCBuildConfiguration;
			buildSettings = {
				ALWAYS_EMBED_SWIFT_STANDARD_LIBRARIES = YES;
				BUNDLE_LOADER = "$(TEST_HOST)";
				CODE_SIGN_STYLE = Automatic;
				CURRENT_PROJECT_VERSION = 1;
				GENERATE_INFOPLIST_FILE = YES;
				IPHONEOS_DEPLOYMENT_TARGET = 17.4;
				MARKETING_VERSION = 1.0;
				PRODUCT_BUNDLE_IDENTIFIER = sfempathy.HumanizeTests;
				PRODUCT_NAME = "$(TARGET_NAME)";
				SWIFT_EMIT_LOC_STRINGS = NO;
				SWIFT_VERSION = 5.0;
				TARGETED_DEVICE_FAMILY = "1,2";
				TEST_HOST = "$(BUILT_PRODUCTS_DIR)/Humanize.app/$(BUNDLE_EXECUTABLE_FOLDER_PATH)/Humanize";
			};
			name = Debug;
		};
		B68110332CEAA159009B7D84 /* Release */ = {
			isa = XCBuildConfiguration;
			buildSettings = {
				ALWAYS_EMBED_SWIFT_STANDARD_LIBRARIES = YES;
				BUNDLE_LOADER = "$(TEST_HOST)";
				CODE_SIGN_STYLE = Automatic;
				CURRENT_PROJECT_VERSION = 1;
				GENERATE_INFOPLIST_FILE = YES;
				IPHONEOS_DEPLOYMENT_TARGET = 17.4;
				MARKETING_VERSION = 1.0;
				PRODUCT_BUNDLE_IDENTIFIER = sfempathy.HumanizeTests;
				PRODUCT_NAME = "$(TARGET_NAME)";
				SWIFT_EMIT_LOC_STRINGS = NO;
				SWIFT_VERSION = 5.0;
				TARGETED_DEVICE_FAMILY = "1,2";
				TEST_HOST = "$(BUILT_PRODUCTS_DIR)/Humanize.app/$(BUNDLE_EXECUTABLE_FOLDER_PATH)/Humanize";
			};
			name = Release;
		};
		B68110352CEAA159009B7D84 /* Debug */ = {
			isa = XCBuildConfiguration;
			buildSettings = {
				ALWAYS_EMBED_SWIFT_STANDARD_LIBRARIES = YES;
				CODE_SIGN_STYLE = Automatic;
				CURRENT_PROJECT_VERSION = 1;
				GENERATE_INFOPLIST_FILE = YES;
				MARKETING_VERSION = 1.0;
				PRODUCT_BUNDLE_IDENTIFIER = sfempathy.HumanizeUITests;
				PRODUCT_NAME = "$(TARGET_NAME)";
				SWIFT_EMIT_LOC_STRINGS = NO;
				SWIFT_VERSION = 5.0;
				TARGETED_DEVICE_FAMILY = "1,2";
				TEST_TARGET_NAME = Humanize;
			};
			name = Debug;
		};
		B68110362CEAA159009B7D84 /* Release */ = {
			isa = XCBuildConfiguration;
			buildSettings = {
				ALWAYS_EMBED_SWIFT_STANDARD_LIBRARIES = YES;
				CODE_SIGN_STYLE = Automatic;
				CURRENT_PROJECT_VERSION = 1;
				GENERATE_INFOPLIST_FILE = YES;
				MARKETING_VERSION = 1.0;
				PRODUCT_BUNDLE_IDENTIFIER = sfempathy.HumanizeUITests;
				PRODUCT_NAME = "$(TARGET_NAME)";
				SWIFT_EMIT_LOC_STRINGS = NO;
				SWIFT_VERSION = 5.0;
				TARGETED_DEVICE_FAMILY = "1,2";
				TEST_TARGET_NAME = Humanize;
			};
			name = Release;
		};
/* End XCBuildConfiguration section */

/* Begin XCConfigurationList section */
		B68110052CEAA158009B7D84 /* Build configuration list for PBXProject "Humanize" */ = {
			isa = XCConfigurationList;
			buildConfigurations = (
				B681102C2CEAA159009B7D84 /* Debug */,
				B681102D2CEAA159009B7D84 /* Release */,
			);
			defaultConfigurationIsVisible = 0;
			defaultConfigurationName = Release;
		};
		B681102E2CEAA159009B7D84 /* Build configuration list for PBXNativeTarget "Humanize" */ = {
			isa = XCConfigurationList;
			buildConfigurations = (
				B681102F2CEAA159009B7D84 /* Debug */,
				B68110302CEAA159009B7D84 /* Release */,
			);
			defaultConfigurationIsVisible = 0;
			defaultConfigurationName = Release;
		};
		B68110312CEAA159009B7D84 /* Build configuration list for PBXNativeTarget "HumanizeTests" */ = {
			isa = XCConfigurationList;
			buildConfigurations = (
				B68110322CEAA159009B7D84 /* Debug */,
				B68110332CEAA159009B7D84 /* Release */,
			);
			defaultConfigurationIsVisible = 0;
			defaultConfigurationName = Release;
		};
		B68110342CEAA159009B7D84 /* Build configuration list for PBXNativeTarget "HumanizeUITests" */ = {
			isa = XCConfigurationList;
			buildConfigurations = (
				B68110352CEAA159009B7D84 /* Debug */,
				B68110362CEAA159009B7D84 /* Release */,
			);
			defaultConfigurationIsVisible = 0;
			defaultConfigurationName = Release;
		};
/* End XCConfigurationList section */
	};
	rootObject = B68110022CEAA158009B7D84 /* Project object */;
}
